
Microsoft Visual Studio Solution File, Format Version 12.00
# Visual Studio Version 16
VisualStudioVersion = 16.0.30804.86
MinimumVisualStudioVersion = 10.0.40219.1
Project("{FAE04EC0-301F-11D3-BF4B-00C04F79EFBC}") = "MyFirstWpfProgram", "MyFirstWpfProgram\MyFirstWpfProgram.csproj", "{66AAC929-E711-4CC8-BD1D-D13F9D34599B}"
EndProject
Global
	GlobalSection(SolutionConfigurationPlatforms) = preSolution
		Debug|Any CPU = Debug|Any CPU
		Release|Any CPU = Release|Any CPU
	EndGlobalSection
	GlobalSection(ProjectConfigurationPlatforms) = postSolution
		{66AAC929-E711-4CC8-BD1D-D13F9D34599B}.Debug|Any CPU.ActiveCfg = Debug|Any CPU
		{66AAC929-E711-4CC8-BD1D-D13F9D34599B}.Debug|Any CPU.Build.0 = Debug|Any CPU
		{66AAC929-E711-4CC8-BD1D-D13F9D34599B}.Release|Any CPU.ActiveCfg = Release|Any CPU
		{66AAC929-E711-4CC8-BD1D-D13F9D34599B}.Release|Any CPU.Build.0 = Release|Any CPU
	EndGlobalSection
	GlobalSection(SolutionProperties) = preSolution
		HideSolutionNode = FALSE
	EndGlobalSection
	GlobalSection(ExtensibilityGlobals) = postSolution
		SolutionGuid = {F4825B41-77F0-4FA7-BE50-AE82CF845D9D}
	EndGlobalSection
EndGlobal
